// !$*UTF8*$!
{
	archiveVersion = 1;
	classes = {
	};
	objectVersion = 50;
	objects = {

/* Begin PBXBuildFile section */
		910C265722E1AAE000B6E1A5 /* OpenWeatherApi.swift in Sources */ = {isa = PBXBuildFile; fileRef = 910C265622E1AAE000B6E1A5 /* OpenWeatherApi.swift */; };
		910C265922E214F100B6E1A5 /* WeatherSettings.swift in Sources */ = {isa = PBXBuildFile; fileRef = 910C265822E214F100B6E1A5 /* WeatherSettings.swift */; };
		910C265B22E6538700B6E1A5 /* FixerSettings.swift in Sources */ = {isa = PBXBuildFile; fileRef = 910C265A22E6538700B6E1A5 /* FixerSettings.swift */; };
		912A3B3E22DD01DA00CE9C00 /* AppDelegate.swift in Sources */ = {isa = PBXBuildFile; fileRef = 912A3B3D22DD01DA00CE9C00 /* AppDelegate.swift */; };
		912A3B4322DD01DA00CE9C00 /* Main.storyboard in Resources */ = {isa = PBXBuildFile; fileRef = 912A3B4122DD01DA00CE9C00 /* Main.storyboard */; };
		912A3B4522DD01DB00CE9C00 /* Assets.xcassets in Resources */ = {isa = PBXBuildFile; fileRef = 912A3B4422DD01DB00CE9C00 /* Assets.xcassets */; };
		912A3B4822DD01DB00CE9C00 /* LaunchScreen.storyboard in Resources */ = {isa = PBXBuildFile; fileRef = 912A3B4622DD01DB00CE9C00 /* LaunchScreen.storyboard */; };
		912A3B5322DD02D600CE9C00 /* ExchangeViewController.swift in Sources */ = {isa = PBXBuildFile; fileRef = 912A3B5222DD02D600CE9C00 /* ExchangeViewController.swift */; };
		912A3B5522DD02E900CE9C00 /* TranslateViewController.swift in Sources */ = {isa = PBXBuildFile; fileRef = 912A3B5422DD02E900CE9C00 /* TranslateViewController.swift */; };
		912A3B5722DD030400CE9C00 /* WeatherViewController.swift in Sources */ = {isa = PBXBuildFile; fileRef = 912A3B5622DD030400CE9C00 /* WeatherViewController.swift */; };
		912A3B7F22DF1B3500CE9C00 /* FixerApi.swift in Sources */ = {isa = PBXBuildFile; fileRef = 912A3B5922DE109200CE9C00 /* FixerApi.swift */; };
		DCDC4EF5816862C95B718EC5 /* Pods_Travelnow.framework in Frameworks */ = {isa = PBXBuildFile; fileRef = E4B6070CD893465D0131EF9B /* Pods_Travelnow.framework */; settings = {ATTRIBUTES = (Required, ); }; };
/* End PBXBuildFile section */

/* Begin PBXFileReference section */
		53A1479E71D5B8357CE2E93B /* Pods-Travelnow.release.xcconfig */ = {isa = PBXFileReference; includeInIndex = 1; lastKnownFileType = text.xcconfig; name = "Pods-Travelnow.release.xcconfig"; path = "Target Support Files/Pods-Travelnow/Pods-Travelnow.release.xcconfig"; sourceTree = "<group>"; };
		587C2B1E63CDD0A43AF176B9 /* Pods-Travelnow.debug.xcconfig */ = {isa = PBXFileReference; includeInIndex = 1; lastKnownFileType = text.xcconfig; name = "Pods-Travelnow.debug.xcconfig"; path = "Target Support Files/Pods-Travelnow/Pods-Travelnow.debug.xcconfig"; sourceTree = "<group>"; };
		910C265622E1AAE000B6E1A5 /* OpenWeatherApi.swift */ = {isa = PBXFileReference; lastKnownFileType = sourcecode.swift; path = OpenWeatherApi.swift; sourceTree = "<group>"; };
		910C265822E214F100B6E1A5 /* WeatherSettings.swift */ = {isa = PBXFileReference; lastKnownFileType = sourcecode.swift; path = WeatherSettings.swift; sourceTree = "<group>"; };
		910C265A22E6538700B6E1A5 /* FixerSettings.swift */ = {isa = PBXFileReference; lastKnownFileType = sourcecode.swift; path = FixerSettings.swift; sourceTree = "<group>"; };
		912A3B3A22DD01DA00CE9C00 /* Travelnow.app */ = {isa = PBXFileReference; explicitFileType = wrapper.application; includeInIndex = 0; path = Travelnow.app; sourceTree = BUILT_PRODUCTS_DIR; };
		912A3B3D22DD01DA00CE9C00 /* AppDelegate.swift */ = {isa = PBXFileReference; lastKnownFileType = sourcecode.swift; path = AppDelegate.swift; sourceTree = "<group>"; };
		912A3B4222DD01DA00CE9C00 /* Base */ = {isa = PBXFileReference; lastKnownFileType = file.storyboard; name = Base; path = Base.lproj/Main.storyboard; sourceTree = "<group>"; };
		912A3B4422DD01DB00CE9C00 /* Assets.xcassets */ = {isa = PBXFileReference; lastKnownFileType = folder.assetcatalog; path = Assets.xcassets; sourceTree = "<group>"; };
		912A3B4722DD01DB00CE9C00 /* Base */ = {isa = PBXFileReference; lastKnownFileType = file.storyboard; name = Base; path = Base.lproj/LaunchScreen.storyboard; sourceTree = "<group>"; };
		912A3B4922DD01DB00CE9C00 /* Info.plist */ = {isa = PBXFileReference; lastKnownFileType = text.plist.xml; path = Info.plist; sourceTree = "<group>"; };
		912A3B5222DD02D600CE9C00 /* ExchangeViewController.swift */ = {isa = PBXFileReference; lastKnownFileType = sourcecode.swift; path = ExchangeViewController.swift; sourceTree = "<group>"; };
		912A3B5422DD02E900CE9C00 /* TranslateViewController.swift */ = {isa = PBXFileReference; lastKnownFileType = sourcecode.swift; path = TranslateViewController.swift; sourceTree = "<group>"; };
		912A3B5622DD030400CE9C00 /* WeatherViewController.swift */ = {isa = PBXFileReference; lastKnownFileType = sourcecode.swift; path = WeatherViewController.swift; sourceTree = "<group>"; };
		912A3B5922DE109200CE9C00 /* FixerApi.swift */ = {isa = PBXFileReference; lastKnownFileType = sourcecode.swift; path = FixerApi.swift; sourceTree = "<group>"; };
		E4B6070CD893465D0131EF9B /* Pods_Travelnow.framework */ = {isa = PBXFileReference; explicitFileType = wrapper.framework; includeInIndex = 0; path = Pods_Travelnow.framework; sourceTree = BUILT_PRODUCTS_DIR; };
/* End PBXFileReference section */

/* Begin PBXFrameworksBuildPhase section */
		912A3B3722DD01DA00CE9C00 /* Frameworks */ = {
			isa = PBXFrameworksBuildPhase;
			buildActionMask = 2147483647;
			files = (
				DCDC4EF5816862C95B718EC5 /* Pods_Travelnow.framework in Frameworks */,
			);
			runOnlyForDeploymentPostprocessing = 0;
		};
/* End PBXFrameworksBuildPhase section */

/* Begin PBXGroup section */
		460EAD67862098278338107E /* Frameworks */ = {
			isa = PBXGroup;
			children = (
				E4B6070CD893465D0131EF9B /* Pods_Travelnow.framework */,
			);
			name = Frameworks;
			sourceTree = "<group>";
		};
		912A3B3122DD01DA00CE9C00 = {
			isa = PBXGroup;
			children = (
				912A3B3C22DD01DA00CE9C00 /* Travelnow */,
				912A3B3B22DD01DA00CE9C00 /* Products */,
				9740CC273D7FEB158A0DEE24 /* Pods */,
				460EAD67862098278338107E /* Frameworks */,
			);
			sourceTree = "<group>";
		};
		912A3B3B22DD01DA00CE9C00 /* Products */ = {
			isa = PBXGroup;
			children = (
				912A3B3A22DD01DA00CE9C00 /* Travelnow.app */,
			);
			name = Products;
			sourceTree = "<group>";
		};
		912A3B3C22DD01DA00CE9C00 /* Travelnow */ = {
			isa = PBXGroup;
			children = (
				912A3B5822DE0F6000CE9C00 /* Network API */,
				912A3B5122DD020500CE9C00 /* Model */,
				912A3B5022DD01FB00CE9C00 /* View */,
				912A3B4F22DD01EA00CE9C00 /* Controller */,
				912A3B3D22DD01DA00CE9C00 /* AppDelegate.swift */,
				912A3B4422DD01DB00CE9C00 /* Assets.xcassets */,
				912A3B4622DD01DB00CE9C00 /* LaunchScreen.storyboard */,
				912A3B4922DD01DB00CE9C00 /* Info.plist */,
			);
			path = Travelnow;
			sourceTree = "<group>";
		};
		912A3B4F22DD01EA00CE9C00 /* Controller */ = {
			isa = PBXGroup;
			children = (
				912A3B5222DD02D600CE9C00 /* ExchangeViewController.swift */,
				912A3B5422DD02E900CE9C00 /* TranslateViewController.swift */,
				912A3B5622DD030400CE9C00 /* WeatherViewController.swift */,
			);
			path = Controller;
			sourceTree = "<group>";
		};
		912A3B5022DD01FB00CE9C00 /* View */ = {
			isa = PBXGroup;
			children = (
				912A3B4122DD01DA00CE9C00 /* Main.storyboard */,
			);
			path = View;
			sourceTree = "<group>";
		};
		912A3B5122DD020500CE9C00 /* Model */ = {
			isa = PBXGroup;
			children = (
				912A3B8322DF4B3400CE9C00 /* Exchange */,
				912A3B8422DF4B5C00CE9C00 /* Translate */,
				912A3B8222DF4B2400CE9C00 /* Weather */,
			);
			path = Model;
			sourceTree = "<group>";
		};
		912A3B5822DE0F6000CE9C00 /* Network API */ = {
			isa = PBXGroup;
			children = (
				912A3B5922DE109200CE9C00 /* FixerApi.swift */,
				910C265622E1AAE000B6E1A5 /* OpenWeatherApi.swift */,
			);
			path = "Network API";
			sourceTree = "<group>";
		};
		912A3B8222DF4B2400CE9C00 /* Weather */ = {
			isa = PBXGroup;
			children = (
				910C265822E214F100B6E1A5 /* WeatherSettings.swift */,
			);
			path = Weather;
			sourceTree = "<group>";
		};
		912A3B8322DF4B3400CE9C00 /* Exchange */ = {
			isa = PBXGroup;
			children = (
				910C265A22E6538700B6E1A5 /* FixerSettings.swift */,
			);
			path = Exchange;
			sourceTree = "<group>";
		};
		912A3B8422DF4B5C00CE9C00 /* Translate */ = {
			isa = PBXGroup;
			children = (
			);
			path = Translate;
			sourceTree = "<group>";
		};
		9740CC273D7FEB158A0DEE24 /* Pods */ = {
			isa = PBXGroup;
			children = (
				587C2B1E63CDD0A43AF176B9 /* Pods-Travelnow.debug.xcconfig */,
				53A1479E71D5B8357CE2E93B /* Pods-Travelnow.release.xcconfig */,
			);
			path = Pods;
			sourceTree = "<group>";
		};
/* End PBXGroup section */

/* Begin PBXNativeTarget section */
		912A3B3922DD01DA00CE9C00 /* Travelnow */ = {
			isa = PBXNativeTarget;
			buildConfigurationList = 912A3B4C22DD01DB00CE9C00 /* Build configuration list for PBXNativeTarget "Travelnow" */;
			buildPhases = (
				813693845C1B980524F3F4CD /* [CP] Check Pods Manifest.lock */,
				912A3B3622DD01DA00CE9C00 /* Sources */,
				912A3B3722DD01DA00CE9C00 /* Frameworks */,
				912A3B3822DD01DA00CE9C00 /* Resources */,
				414090E41126A5A82AACB872 /* [CP] Embed Pods Frameworks */,
			);
			buildRules = (
			);
			dependencies = (
			);
			name = Travelnow;
			productName = Travelnow;
			productReference = 912A3B3A22DD01DA00CE9C00 /* Travelnow.app */;
			productType = "com.apple.product-type.application";
		};
/* End PBXNativeTarget section */

/* Begin PBXProject section */
		912A3B3222DD01DA00CE9C00 /* Project object */ = {
			isa = PBXProject;
			attributes = {
				LastSwiftUpdateCheck = 1020;
				LastUpgradeCheck = 1020;
				ORGANIZATIONNAME = Soa;
				TargetAttributes = {
					912A3B3922DD01DA00CE9C00 = {
						CreatedOnToolsVersion = 10.2.1;
					};
				};
			};
			buildConfigurationList = 912A3B3522DD01DA00CE9C00 /* Build configuration list for PBXProject "Travelnow" */;
			compatibilityVersion = "Xcode 9.3";
			developmentRegion = en;
			hasScannedForEncodings = 0;
			knownRegions = (
				en,
				Base,
			);
			mainGroup = 912A3B3122DD01DA00CE9C00;
			productRefGroup = 912A3B3B22DD01DA00CE9C00 /* Products */;
			projectDirPath = "";
			projectRoot = "";
			targets = (
				912A3B3922DD01DA00CE9C00 /* Travelnow */,
			);
		};
/* End PBXProject section */

/* Begin PBXResourcesBuildPhase section */
		912A3B3822DD01DA00CE9C00 /* Resources */ = {
			isa = PBXResourcesBuildPhase;
			buildActionMask = 2147483647;
			files = (
				912A3B4822DD01DB00CE9C00 /* LaunchScreen.storyboard in Resources */,
				912A3B4522DD01DB00CE9C00 /* Assets.xcassets in Resources */,
				912A3B4322DD01DA00CE9C00 /* Main.storyboard in Resources */,
			);
			runOnlyForDeploymentPostprocessing = 0;
		};
/* End PBXResourcesBuildPhase section */

/* Begin PBXShellScriptBuildPhase section */
		414090E41126A5A82AACB872 /* [CP] Embed Pods Frameworks */ = {
			isa = PBXShellScriptBuildPhase;
			buildActionMask = 2147483647;
			files = (
			);
			inputFileListPaths = (
			);
			inputPaths = (
				"${PODS_ROOT}/Target Support Files/Pods-Travelnow/Pods-Travelnow-frameworks.sh",
				"${BUILT_PRODUCTS_DIR}/Alamofire/Alamofire.framework",
				"${BUILT_PRODUCTS_DIR}/SwiftyJSON/SwiftyJSON.framework",
			);
			name = "[CP] Embed Pods Frameworks";
			outputFileListPaths = (
			);
			outputPaths = (
				"${TARGET_BUILD_DIR}/${FRAMEWORKS_FOLDER_PATH}/Alamofire.framework",
				"${TARGET_BUILD_DIR}/${FRAMEWORKS_FOLDER_PATH}/SwiftyJSON.framework",
			);
			runOnlyForDeploymentPostprocessing = 0;
			shellPath = /bin/sh;
			shellScript = "\"${PODS_ROOT}/Target Support Files/Pods-Travelnow/Pods-Travelnow-frameworks.sh\"\n";
			showEnvVarsInLog = 0;
		};
		813693845C1B980524F3F4CD /* [CP] Check Pods Manifest.lock */ = {
			isa = PBXShellScriptBuildPhase;
			buildActionMask = 2147483647;
			files = (
			);
			inputFileListPaths = (
			);
			inputPaths = (
				"${PODS_PODFILE_DIR_PATH}/Podfile.lock",
				"${PODS_ROOT}/Manifest.lock",
			);
			name = "[CP] Check Pods Manifest.lock";
			outputFileListPaths = (
			);
			outputPaths = (
				"$(DERIVED_FILE_DIR)/Pods-Travelnow-checkManifestLockResult.txt",
			);
			runOnlyForDeploymentPostprocessing = 0;
			shellPath = /bin/sh;
			shellScript = "diff \"${PODS_PODFILE_DIR_PATH}/Podfile.lock\" \"${PODS_ROOT}/Manifest.lock\" > /dev/null\nif [ $? != 0 ] ; then\n    # print error to STDERR\n    echo \"error: The sandbox is not in sync with the Podfile.lock. Run 'pod install' or update your CocoaPods installation.\" >&2\n    exit 1\nfi\n# This output is used by Xcode 'outputs' to avoid re-running this script phase.\necho \"SUCCESS\" > \"${SCRIPT_OUTPUT_FILE_0}\"\n";
			showEnvVarsInLog = 0;
		};
/* End PBXShellScriptBuildPhase section */

/* Begin PBXSourcesBuildPhase section */
		912A3B3622DD01DA00CE9C00 /* Sources */ = {
			isa = PBXSourcesBuildPhase;
			buildActionMask = 2147483647;
			files = (
				912A3B7F22DF1B3500CE9C00 /* FixerApi.swift in Sources */,
				910C265722E1AAE000B6E1A5 /* OpenWeatherApi.swift in Sources */,
				910C265922E214F100B6E1A5 /* WeatherSettings.swift in Sources */,
				912A3B3E22DD01DA00CE9C00 /* AppDelegate.swift in Sources */,
				912A3B5722DD030400CE9C00 /* WeatherViewController.swift in Sources */,
				910C265B22E6538700B6E1A5 /* FixerSettings.swift in Sources */,
				912A3B5322DD02D600CE9C00 /* ExchangeViewController.swift in Sources */,
				912A3B5522DD02E900CE9C00 /* TranslateViewController.swift in Sources */,
			);
			runOnlyForDeploymentPostprocessing = 0;
		};
/* End PBXSourcesBuildPhase section */

/* Begin PBXVariantGroup section */
		912A3B4122DD01DA00CE9C00 /* Main.storyboard */ = {
			isa = PBXVariantGroup;
			children = (
				912A3B4222DD01DA00CE9C00 /* Base */,
			);
			name = Main.storyboard;
			sourceTree = "<group>";
		};
		912A3B4622DD01DB00CE9C00 /* LaunchScreen.storyboard */ = {
			isa = PBXVariantGroup;
			children = (
				912A3B4722DD01DB00CE9C00 /* Base */,
			);
			name = LaunchScreen.storyboard;
			sourceTree = "<group>";
		};
/* End PBXVariantGroup section */

/* Begin XCBuildConfiguration section */
		912A3B4A22DD01DB00CE9C00 /* Debug */ = {
			isa = XCBuildConfiguration;
			buildSettings = {
				ALWAYS_SEARCH_USER_PATHS = NO;
				CLANG_ANALYZER_NONNULL = YES;
				CLANG_ANALYZER_NUMBER_OBJECT_CONVERSION = YES_AGGRESSIVE;
				CLANG_CXX_LANGUAGE_STANDARD = "gnu++14";
				CLANG_CXX_LIBRARY = "libc++";
				CLANG_ENABLE_MODULES = YES;
				CLANG_ENABLE_OBJC_ARC = YES;
				CLANG_ENABLE_OBJC_WEAK = YES;
				CLANG_WARN_BLOCK_CAPTURE_AUTORELEASING = YES;
				CLANG_WARN_BOOL_CONVERSION = YES;
				CLANG_WARN_COMMA = YES;
				CLANG_WARN_CONSTANT_CONVERSION = YES;
				CLANG_WARN_DEPRECATED_OBJC_IMPLEMENTATIONS = YES;
				CLANG_WARN_DIRECT_OBJC_ISA_USAGE = YES_ERROR;
				CLANG_WARN_DOCUMENTATION_COMMENTS = YES;
				CLANG_WARN_EMPTY_BODY = YES;
				CLANG_WARN_ENUM_CONVERSION = YES;
				CLANG_WARN_INFINITE_RECURSION = YES;
				CLANG_WARN_INT_CONVERSION = YES;
				CLANG_WARN_NON_LITERAL_NULL_CONVERSION = YES;
				CLANG_WARN_OBJC_IMPLICIT_RETAIN_SELF = YES;
				CLANG_WARN_OBJC_LITERAL_CONVERSION = YES;
				CLANG_WARN_OBJC_ROOT_CLASS = YES_ERROR;
				CLANG_WARN_RANGE_LOOP_ANALYSIS = YES;
				CLANG_WARN_STRICT_PROTOTYPES = YES;
				CLANG_WARN_SUSPICIOUS_MOVE = YES;
				CLANG_WARN_UNGUARDED_AVAILABILITY = YES_AGGRESSIVE;
				CLANG_WARN_UNREACHABLE_CODE = YES;
				CLANG_WARN__DUPLICATE_METHOD_MATCH = YES;
				CODE_SIGN_IDENTITY = "iPhone Developer";
				COPY_PHASE_STRIP = NO;
				DEBUG_INFORMATION_FORMAT = dwarf;
				ENABLE_STRICT_OBJC_MSGSEND = YES;
				ENABLE_TESTABILITY = YES;
				GCC_C_LANGUAGE_STANDARD = gnu11;
				GCC_DYNAMIC_NO_PIC = NO;
				GCC_NO_COMMON_BLOCKS = YES;
				GCC_OPTIMIZATION_LEVEL = 0;
				GCC_PREPROCESSOR_DEFINITIONS = (
					"DEBUG=1",
					"$(inherited)",
				);
				GCC_WARN_64_TO_32_BIT_CONVERSION = YES;
				GCC_WARN_ABOUT_RETURN_TYPE = YES_ERROR;
				GCC_WARN_UNDECLARED_SELECTOR = YES;
				GCC_WARN_UNINITIALIZED_AUTOS = YES_AGGRESSIVE;
				GCC_WARN_UNUSED_FUNCTION = YES;
				GCC_WARN_UNUSED_VARIABLE = YES;
				IPHONEOS_DEPLOYMENT_TARGET = 12.2;
				MTL_ENABLE_DEBUG_INFO = INCLUDE_SOURCE;
				MTL_FAST_MATH = YES;
				ONLY_ACTIVE_ARCH = YES;
				SDKROOT = iphoneos;
				SWIFT_ACTIVE_COMPILATION_CONDITIONS = DEBUG;
				SWIFT_OPTIMIZATION_LEVEL = "-Onone";
			};
			name = Debug;
		};
		912A3B4B22DD01DB00CE9C00 /* Release */ = {
			isa = XCBuildConfiguration;
			buildSettings = {
				ALWAYS_SEARCH_USER_PATHS = NO;
				CLANG_ANALYZER_NONNULL = YES;
				CLANG_ANALYZER_NUMBER_OBJECT_CONVERSION = YES_AGGRESSIVE;
				CLANG_CXX_LANGUAGE_STANDARD = "gnu++14";
				CLANG_CXX_LIBRARY = "libc++";
				CLANG_ENABLE_MODULES = YES;
				CLANG_ENABLE_OBJC_ARC = YES;
				CLANG_ENABLE_OBJC_WEAK = YES;
				CLANG_WARN_BLOCK_CAPTURE_AUTORELEASING = YES;
				CLANG_WARN_BOOL_CONVERSION = YES;
				CLANG_WARN_COMMA = YES;
				CLANG_WARN_CONSTANT_CONVERSION = YES;
				CLANG_WARN_DEPRECATED_OBJC_IMPLEMENTATIONS = YES;
				CLANG_WARN_DIRECT_OBJC_ISA_USAGE = YES_ERROR;
				CLANG_WARN_DOCUMENTATION_COMMENTS = YES;
				CLANG_WARN_EMPTY_BODY = YES;
				CLANG_WARN_ENUM_CONVERSION = YES;
				CLANG_WARN_INFINITE_RECURSION = YES;
				CLANG_WARN_INT_CONVERSION = YES;
				CLANG_WARN_NON_LITERAL_NULL_CONVERSION = YES;
				CLANG_WARN_OBJC_IMPLICIT_RETAIN_SELF = YES;
				CLANG_WARN_OBJC_LITERAL_CONVERSION = YES;
				CLANG_WARN_OBJC_ROOT_CLASS = YES_ERROR;
				CLANG_WARN_RANGE_LOOP_ANALYSIS = YES;
				CLANG_WARN_STRICT_PROTOTYPES = YES;
				CLANG_WARN_SUSPICIOUS_MOVE = YES;
				CLANG_WARN_UNGUARDED_AVAILABILITY = YES_AGGRESSIVE;
				CLANG_WARN_UNREACHABLE_CODE = YES;
				CLANG_WARN__DUPLICATE_METHOD_MATCH = YES;
				CODE_SIGN_IDENTITY = "iPhone Developer";
				COPY_PHASE_STRIP = NO;
				DEBUG_INFORMATION_FORMAT = "dwarf-with-dsym";
				ENABLE_NS_ASSERTIONS = NO;
				ENABLE_STRICT_OBJC_MSGSEND = YES;
				GCC_C_LANGUAGE_STANDARD = gnu11;
				GCC_NO_COMMON_BLOCKS = YES;
				GCC_WARN_64_TO_32_BIT_CONVERSION = YES;
				GCC_WARN_ABOUT_RETURN_TYPE = YES_ERROR;
				GCC_WARN_UNDECLARED_SELECTOR = YES;
				GCC_WARN_UNINITIALIZED_AUTOS = YES_AGGRESSIVE;
				GCC_WARN_UNUSED_FUNCTION = YES;
				GCC_WARN_UNUSED_VARIABLE = YES;
				IPHONEOS_DEPLOYMENT_TARGET = 12.2;
				MTL_ENABLE_DEBUG_INFO = NO;
				MTL_FAST_MATH = YES;
				SDKROOT = iphoneos;
				SWIFT_COMPILATION_MODE = wholemodule;
				SWIFT_OPTIMIZATION_LEVEL = "-O";
				VALIDATE_PRODUCT = YES;
			};
			name = Release;
		};
		912A3B4D22DD01DB00CE9C00 /* Debug */ = {
			isa = XCBuildConfiguration;
			baseConfigurationReference = 587C2B1E63CDD0A43AF176B9 /* Pods-Travelnow.debug.xcconfig */;
			buildSettings = {
				ASSETCATALOG_COMPILER_APPICON_NAME = AppIcon;
				CODE_SIGN_STYLE = Automatic;
				DEVELOPMENT_TEAM = SPYXZN2GGQ;
				INFOPLIST_FILE = Travelnow/Info.plist;
				LD_RUNPATH_SEARCH_PATHS = (
					"$(inherited)",
					"@executable_path/Frameworks",
				);
				PRODUCT_BUNDLE_IDENTIFIER = com.soa.Travelnow;
				PRODUCT_NAME = "$(TARGET_NAME)";
				SWIFT_VERSION = 5.0;
				TARGETED_DEVICE_FAMILY = "1,2";
			};
			name = Debug;
		};
		912A3B4E22DD01DB00CE9C00 /* Release */ = {
			isa = XCBuildConfiguration;
			baseConfigurationReference = 53A1479E71D5B8357CE2E93B /* Pods-Travelnow.release.xcconfig */;
			buildSettings = {
				ASSETCATALOG_COMPILER_APPICON_NAME = AppIcon;
				CODE_SIGN_STYLE = Automatic;
				DEVELOPMENT_TEAM = SPYXZN2GGQ;
				INFOPLIST_FILE = Travelnow/Info.plist;
				LD_RUNPATH_SEARCH_PATHS = (
					"$(inherited)",
					"@executable_path/Frameworks",
				);
				PRODUCT_BUNDLE_IDENTIFIER = com.soa.Travelnow;
				PRODUCT_NAME = "$(TARGET_NAME)";
				SWIFT_VERSION = 5.0;
				TARGETED_DEVICE_FAMILY = "1,2";
			};
			name = Release;
		};
/* End XCBuildConfiguration section */

/* Begin XCConfigurationList section */
		912A3B3522DD01DA00CE9C00 /* Build configuration list for PBXProject "Travelnow" */ = {
			isa = XCConfigurationList;
			buildConfigurations = (
				912A3B4A22DD01DB00CE9C00 /* Debug */,
				912A3B4B22DD01DB00CE9C00 /* Release */,
			);
			defaultConfigurationIsVisible = 0;
			defaultConfigurationName = Release;
		};
		912A3B4C22DD01DB00CE9C00 /* Build configuration list for PBXNativeTarget "Travelnow" */ = {
			isa = XCConfigurationList;
			buildConfigurations = (
				912A3B4D22DD01DB00CE9C00 /* Debug */,
				912A3B4E22DD01DB00CE9C00 /* Release */,
			);
			defaultConfigurationIsVisible = 0;
			defaultConfigurationName = Release;
		};
/* End XCConfigurationList section */
	};
	rootObject = 912A3B3222DD01DA00CE9C00 /* Project object */;
}
